
Microsoft Visual Studio Solution File, Format Version 12.00
# Visual Studio Version 16
VisualStudioVersion = 16.0.31515.178
MinimumVisualStudioVersion = 10.0.40219.1
Project("{FAE04EC0-301F-11D3-BF4B-00C04F79EFBC}") = "BetterGameLauncher", "BetterGameLauncher\BetterGameLauncher.csproj", "{ADB8EDB2-35D4-476D-9029-7AE09FCEAAC0}"
EndProject
Global
	GlobalSection(SolutionConfigurationPlatforms) = preSolution
		Debug|Any CPU = Debug|Any CPU
		Release|Any CPU = Release|Any CPU
	EndGlobalSection
	GlobalSection(ProjectConfigurationPlatforms) = postSolution
		{ADB8EDB2-35D4-476D-9029-7AE09FCEAAC0}.Debug|Any CPU.ActiveCfg = Debug|Any CPU
		{ADB8EDB2-35D4-476D-9029-7AE09FCEAAC0}.Debug|Any CPU.Build.0 = Debug|Any CPU
		{ADB8EDB2-35D4-476D-9029-7AE09FCEAAC0}.Release|Any CPU.ActiveCfg = Release|Any CPU
		{ADB8EDB2-35D4-476D-9029-7AE09FCEAAC0}.Release|Any CPU.Build.0 = Release|Any CPU
	EndGlobalSection
	GlobalSection(SolutionProperties) = preSolution
		HideSolutionNode = FALSE
	EndGlobalSection
	GlobalSection(ExtensibilityGlobals) = postSolution
		SolutionGuid = {B25350A9-AE33-492D-AC0D-FC26CB6386CF}
	EndGlobalSection
EndGlobal
